
Microsoft Visual Studio Solution File, Format Version 12.00
# Visual Studio Version 16
VisualStudioVersion = 16.0.30907.101
MinimumVisualStudioVersion = 10.0.40219.1
Project("{FAE04EC0-301F-11D3-BF4B-00C04F79EFBC}") = "TweetApp", "TweetApp\TweetApp.csproj", "{3B397CEA-0C93-4574-A544-76351972C813}"
EndProject
Global
	GlobalSection(SolutionConfigurationPlatforms) = preSolution
		Debug|Any CPU = Debug|Any CPU
		Release|Any CPU = Release|Any CPU
	EndGlobalSection
	GlobalSection(ProjectConfigurationPlatforms) = postSolution
		{3B397CEA-0C93-4574-A544-76351972C813}.Debug|Any CPU.ActiveCfg = Debug|Any CPU
		{3B397CEA-0C93-4574-A544-76351972C813}.Debug|Any CPU.Build.0 = Debug|Any CPU
		{3B397CEA-0C93-4574-A544-76351972C813}.Release|Any CPU.ActiveCfg = Release|Any CPU
		{3B397CEA-0C93-4574-A544-76351972C813}.Release|Any CPU.Build.0 = Release|Any CPU
	EndGlobalSection
	GlobalSection(SolutionProperties) = preSolution
		HideSolutionNode = FALSE
	EndGlobalSection
	GlobalSection(ExtensibilityGlobals) = postSolution
		SolutionGuid = {81146366-6D01-4107-875C-C1F20EC14024}
	EndGlobalSection
EndGlobal
